// !$*UTF8*$!
{
	archiveVersion = 1;
	classes = {
	};
	objectVersion = 52;
	objects = {

/* Begin PBXBuildFile section */
		B2D4117F269308AD000A4C8A /* AppDelegate.swift in Sources */ = {isa = PBXBuildFile; fileRef = B2D4117E269308AD000A4C8A /* AppDelegate.swift */; };
		B2D41181269308AD000A4C8A /* SceneDelegate.swift in Sources */ = {isa = PBXBuildFile; fileRef = B2D41180269308AD000A4C8A /* SceneDelegate.swift */; };
		B2D41183269308AD000A4C8A /* PhotosViewController.swift in Sources */ = {isa = PBXBuildFile; fileRef = B2D41182269308AD000A4C8A /* PhotosViewController.swift */; };
		B2D41188269308AF000A4C8A /* Assets.xcassets in Resources */ = {isa = PBXBuildFile; fileRef = B2D41187269308AF000A4C8A /* Assets.xcassets */; };
		B2D4118B269308AF000A4C8A /* LaunchScreen.storyboard in Resources */ = {isa = PBXBuildFile; fileRef = B2D41189269308AF000A4C8A /* LaunchScreen.storyboard */; };
		B2D41196269308B0000A4C8A /* FlickrImageSearchDemoTests.swift in Sources */ = {isa = PBXBuildFile; fileRef = B2D41195269308B0000A4C8A /* FlickrImageSearchDemoTests.swift */; };
		B2D411A1269308B0000A4C8A /* FlickrImageSearchDemoUITests.swift in Sources */ = {isa = PBXBuildFile; fileRef = B2D411A0269308B0000A4C8A /* FlickrImageSearchDemoUITests.swift */; };
		B2D411B026935CA2000A4C8A /* FlickrAPIClient in Frameworks */ = {isa = PBXBuildFile; productRef = B2D411AF26935CA2000A4C8A /* FlickrAPIClient */; };
		B2D411B2269370E1000A4C8A /* PhotoCell.swift in Sources */ = {isa = PBXBuildFile; fileRef = B2D411B1269370E1000A4C8A /* PhotoCell.swift */; };
		B2D411B4269375B6000A4C8A /* PhotosViewModel.swift in Sources */ = {isa = PBXBuildFile; fileRef = B2D411B3269375B5000A4C8A /* PhotosViewModel.swift */; };
/* End PBXBuildFile section */

/* Begin PBXContainerItemProxy section */
		B2D41192269308B0000A4C8A /* PBXContainerItemProxy */ = {
			isa = PBXContainerItemProxy;
			containerPortal = B2D41173269308AD000A4C8A /* Project object */;
			proxyType = 1;
			remoteGlobalIDString = B2D4117A269308AD000A4C8A;
			remoteInfo = FlickrImageSearchDemo;
		};
		B2D4119D269308B0000A4C8A /* PBXContainerItemProxy */ = {
			isa = PBXContainerItemProxy;
			containerPortal = B2D41173269308AD000A4C8A /* Project object */;
			proxyType = 1;
			remoteGlobalIDString = B2D4117A269308AD000A4C8A;
			remoteInfo = FlickrImageSearchDemo;
		};
/* End PBXContainerItemProxy section */

/* Begin PBXFileReference section */
		B2D4117B269308AD000A4C8A /* FlickrImageSearchDemo.app */ = {isa = PBXFileReference; explicitFileType = wrapper.application; includeInIndex = 0; path = FlickrImageSearchDemo.app; sourceTree = BUILT_PRODUCTS_DIR; };
		B2D4117E269308AD000A4C8A /* AppDelegate.swift */ = {isa = PBXFileReference; lastKnownFileType = sourcecode.swift; path = AppDelegate.swift; sourceTree = "<group>"; };
		B2D41180269308AD000A4C8A /* SceneDelegate.swift */ = {isa = PBXFileReference; lastKnownFileType = sourcecode.swift; path = SceneDelegate.swift; sourceTree = "<group>"; };
		B2D41182269308AD000A4C8A /* PhotosViewController.swift */ = {isa = PBXFileReference; lastKnownFileType = sourcecode.swift; path = PhotosViewController.swift; sourceTree = "<group>"; };
		B2D41187269308AF000A4C8A /* Assets.xcassets */ = {isa = PBXFileReference; lastKnownFileType = folder.assetcatalog; path = Assets.xcassets; sourceTree = "<group>"; };
		B2D4118A269308AF000A4C8A /* Base */ = {isa = PBXFileReference; lastKnownFileType = file.storyboard; name = Base; path = Base.lproj/LaunchScreen.storyboard; sourceTree = "<group>"; };
		B2D4118C269308AF000A4C8A /* Info.plist */ = {isa = PBXFileReference; lastKnownFileType = text.plist.xml; path = Info.plist; sourceTree = "<group>"; };
		B2D41191269308B0000A4C8A /* FlickrImageSearchDemoTests.xctest */ = {isa = PBXFileReference; explicitFileType = wrapper.cfbundle; includeInIndex = 0; path = FlickrImageSearchDemoTests.xctest; sourceTree = BUILT_PRODUCTS_DIR; };
		B2D41195269308B0000A4C8A /* FlickrImageSearchDemoTests.swift */ = {isa = PBXFileReference; lastKnownFileType = sourcecode.swift; path = FlickrImageSearchDemoTests.swift; sourceTree = "<group>"; };
		B2D41197269308B0000A4C8A /* Info.plist */ = {isa = PBXFileReference; lastKnownFileType = text.plist.xml; path = Info.plist; sourceTree = "<group>"; };
		B2D4119C269308B0000A4C8A /* FlickrImageSearchDemoUITests.xctest */ = {isa = PBXFileReference; explicitFileType = wrapper.cfbundle; includeInIndex = 0; path = FlickrImageSearchDemoUITests.xctest; sourceTree = BUILT_PRODUCTS_DIR; };
		B2D411A0269308B0000A4C8A /* FlickrImageSearchDemoUITests.swift */ = {isa = PBXFileReference; lastKnownFileType = sourcecode.swift; path = FlickrImageSearchDemoUITests.swift; sourceTree = "<group>"; };
		B2D411A2269308B0000A4C8A /* Info.plist */ = {isa = PBXFileReference; lastKnownFileType = text.plist.xml; path = Info.plist; sourceTree = "<group>"; };
		B2D411B1269370E1000A4C8A /* PhotoCell.swift */ = {isa = PBXFileReference; lastKnownFileType = sourcecode.swift; path = PhotoCell.swift; sourceTree = "<group>"; };
		B2D411B3269375B5000A4C8A /* PhotosViewModel.swift */ = {isa = PBXFileReference; lastKnownFileType = sourcecode.swift; path = PhotosViewModel.swift; sourceTree = "<group>"; };
/* End PBXFileReference section */

/* Begin PBXFrameworksBuildPhase section */
		B2D41178269308AD000A4C8A /* Frameworks */ = {
			isa = PBXFrameworksBuildPhase;
			buildActionMask = 2147483647;
			files = (
				B2D411B026935CA2000A4C8A /* FlickrAPIClient in Frameworks */,
			);
			runOnlyForDeploymentPostprocessing = 0;
		};
		B2D4118E269308B0000A4C8A /* Frameworks */ = {
			isa = PBXFrameworksBuildPhase;
			buildActionMask = 2147483647;
			files = (
			);
			runOnlyForDeploymentPostprocessing = 0;
		};
		B2D41199269308B0000A4C8A /* Frameworks */ = {
			isa = PBXFrameworksBuildPhase;
			buildActionMask = 2147483647;
			files = (
			);
			runOnlyForDeploymentPostprocessing = 0;
		};
/* End PBXFrameworksBuildPhase section */

/* Begin PBXGroup section */
		B2D41172269308AD000A4C8A = {
			isa = PBXGroup;
			children = (
				B2D4117D269308AD000A4C8A /* FlickrImageSearchDemo */,
				B2D41194269308B0000A4C8A /* FlickrImageSearchDemoTests */,
				B2D4119F269308B0000A4C8A /* FlickrImageSearchDemoUITests */,
				B2D4117C269308AD000A4C8A /* Products */,
			);
			sourceTree = "<group>";
		};
		B2D4117C269308AD000A4C8A /* Products */ = {
			isa = PBXGroup;
			children = (
				B2D4117B269308AD000A4C8A /* FlickrImageSearchDemo.app */,
				B2D41191269308B0000A4C8A /* FlickrImageSearchDemoTests.xctest */,
				B2D4119C269308B0000A4C8A /* FlickrImageSearchDemoUITests.xctest */,
			);
			name = Products;
			sourceTree = "<group>";
		};
		B2D4117D269308AD000A4C8A /* FlickrImageSearchDemo */ = {
			isa = PBXGroup;
			children = (
				B2D4117E269308AD000A4C8A /* AppDelegate.swift */,
				B2D41180269308AD000A4C8A /* SceneDelegate.swift */,
				B2D41182269308AD000A4C8A /* PhotosViewController.swift */,
				B2D411B3269375B5000A4C8A /* PhotosViewModel.swift */,
				B2D411B1269370E1000A4C8A /* PhotoCell.swift */,
				B2D41187269308AF000A4C8A /* Assets.xcassets */,
				B2D41189269308AF000A4C8A /* LaunchScreen.storyboard */,
				B2D4118C269308AF000A4C8A /* Info.plist */,
			);
			path = FlickrImageSearchDemo;
			sourceTree = "<group>";
		};
		B2D41194269308B0000A4C8A /* FlickrImageSearchDemoTests */ = {
			isa = PBXGroup;
			children = (
				B2D41195269308B0000A4C8A /* FlickrImageSearchDemoTests.swift */,
				B2D41197269308B0000A4C8A /* Info.plist */,
			);
			path = FlickrImageSearchDemoTests;
			sourceTree = "<group>";
		};
		B2D4119F269308B0000A4C8A /* FlickrImageSearchDemoUITests */ = {
			isa = PBXGroup;
			children = (
				B2D411A0269308B0000A4C8A /* FlickrImageSearchDemoUITests.swift */,
				B2D411A2269308B0000A4C8A /* Info.plist */,
			);
			path = FlickrImageSearchDemoUITests;
			sourceTree = "<group>";
		};
/* End PBXGroup section */

/* Begin PBXNativeTarget section */
		B2D4117A269308AD000A4C8A /* FlickrImageSearchDemo */ = {
			isa = PBXNativeTarget;
			buildConfigurationList = B2D411A5269308B0000A4C8A /* Build configuration list for PBXNativeTarget "FlickrImageSearchDemo" */;
			buildPhases = (
				B2D41177269308AD000A4C8A /* Sources */,
				B2D41178269308AD000A4C8A /* Frameworks */,
				B2D41179269308AD000A4C8A /* Resources */,
			);
			buildRules = (
			);
			dependencies = (
			);
			name = FlickrImageSearchDemo;
			packageProductDependencies = (
				B2D411AF26935CA2000A4C8A /* FlickrAPIClient */,
			);
			productName = FlickrImageSearchDemo;
			productReference = B2D4117B269308AD000A4C8A /* FlickrImageSearchDemo.app */;
			productType = "com.apple.product-type.application";
		};
		B2D41190269308B0000A4C8A /* FlickrImageSearchDemoTests */ = {
			isa = PBXNativeTarget;
			buildConfigurationList = B2D411A8269308B0000A4C8A /* Build configuration list for PBXNativeTarget "FlickrImageSearchDemoTests" */;
			buildPhases = (
				B2D4118D269308B0000A4C8A /* Sources */,
				B2D4118E269308B0000A4C8A /* Frameworks */,
				B2D4118F269308B0000A4C8A /* Resources */,
			);
			buildRules = (
			);
			dependencies = (
				B2D41193269308B0000A4C8A /* PBXTargetDependency */,
			);
			name = FlickrImageSearchDemoTests;
			productName = FlickrImageSearchDemoTests;
			productReference = B2D41191269308B0000A4C8A /* FlickrImageSearchDemoTests.xctest */;
			productType = "com.apple.product-type.bundle.unit-test";
		};
		B2D4119B269308B0000A4C8A /* FlickrImageSearchDemoUITests */ = {
			isa = PBXNativeTarget;
			buildConfigurationList = B2D411AB269308B0000A4C8A /* Build configuration list for PBXNativeTarget "FlickrImageSearchDemoUITests" */;
			buildPhases = (
				B2D41198269308B0000A4C8A /* Sources */,
				B2D41199269308B0000A4C8A /* Frameworks */,
				B2D4119A269308B0000A4C8A /* Resources */,
			);
			buildRules = (
			);
			dependencies = (
				B2D4119E269308B0000A4C8A /* PBXTargetDependency */,
			);
			name = FlickrImageSearchDemoUITests;
			productName = FlickrImageSearchDemoUITests;
			productReference = B2D4119C269308B0000A4C8A /* FlickrImageSearchDemoUITests.xctest */;
			productType = "com.apple.product-type.bundle.ui-testing";
		};
/* End PBXNativeTarget section */

/* Begin PBXProject section */
		B2D41173269308AD000A4C8A /* Project object */ = {
			isa = PBXProject;
			attributes = {
				LastSwiftUpdateCheck = 1250;
				LastUpgradeCheck = 1250;
				TargetAttributes = {
					B2D4117A269308AD000A4C8A = {
						CreatedOnToolsVersion = 12.5;
					};
					B2D41190269308B0000A4C8A = {
						CreatedOnToolsVersion = 12.5;
						TestTargetID = B2D4117A269308AD000A4C8A;
					};
					B2D4119B269308B0000A4C8A = {
						CreatedOnToolsVersion = 12.5;
						TestTargetID = B2D4117A269308AD000A4C8A;
					};
				};
			};
			buildConfigurationList = B2D41176269308AD000A4C8A /* Build configuration list for PBXProject "FlickrImageSearchDemo" */;
			compatibilityVersion = "Xcode 9.3";
			developmentRegion = en;
			hasScannedForEncodings = 0;
			knownRegions = (
				en,
				Base,
			);
			mainGroup = B2D41172269308AD000A4C8A;
			packageReferences = (
				B2D411AE26935CA2000A4C8A /* XCRemoteSwiftPackageReference "FlickrAPIClient" */,
			);
			productRefGroup = B2D4117C269308AD000A4C8A /* Products */;
			projectDirPath = "";
			projectRoot = "";
			targets = (
				B2D4117A269308AD000A4C8A /* FlickrImageSearchDemo */,
				B2D41190269308B0000A4C8A /* FlickrImageSearchDemoTests */,
				B2D4119B269308B0000A4C8A /* FlickrImageSearchDemoUITests */,
			);
		};
/* End PBXProject section */

/* Begin PBXResourcesBuildPhase section */
		B2D41179269308AD000A4C8A /* Resources */ = {
			isa = PBXResourcesBuildPhase;
			buildActionMask = 2147483647;
			files = (
				B2D4118B269308AF000A4C8A /* LaunchScreen.storyboard in Resources */,
				B2D41188269308AF000A4C8A /* Assets.xcassets in Resources */,
			);
			runOnlyForDeploymentPostprocessing = 0;
		};
		B2D4118F269308B0000A4C8A /* Resources */ = {
			isa = PBXResourcesBuildPhase;
			buildActionMask = 2147483647;
			files = (
			);
			runOnlyForDeploymentPostprocessing = 0;
		};
		B2D4119A269308B0000A4C8A /* Resources */ = {
			isa = PBXResourcesBuildPhase;
			buildActionMask = 2147483647;
			files = (
			);
			runOnlyForDeploymentPostprocessing = 0;
		};
/* End PBXResourcesBuildPhase section */

/* Begin PBXSourcesBuildPhase section */
		B2D41177269308AD000A4C8A /* Sources */ = {
			isa = PBXSourcesBuildPhase;
			buildActionMask = 2147483647;
			files = (
				B2D411B2269370E1000A4C8A /* PhotoCell.swift in Sources */,
				B2D41183269308AD000A4C8A /* PhotosViewController.swift in Sources */,
				B2D411B4269375B6000A4C8A /* PhotosViewModel.swift in Sources */,
				B2D4117F269308AD000A4C8A /* AppDelegate.swift in Sources */,
				B2D41181269308AD000A4C8A /* SceneDelegate.swift in Sources */,
			);
			runOnlyForDeploymentPostprocessing = 0;
		};
		B2D4118D269308B0000A4C8A /* Sources */ = {
			isa = PBXSourcesBuildPhase;
			buildActionMask = 2147483647;
			files = (
				B2D41196269308B0000A4C8A /* FlickrImageSearchDemoTests.swift in Sources */,
			);
			runOnlyForDeploymentPostprocessing = 0;
		};
		B2D41198269308B0000A4C8A /* Sources */ = {
			isa = PBXSourcesBuildPhase;
			buildActionMask = 2147483647;
			files = (
				B2D411A1269308B0000A4C8A /* FlickrImageSearchDemoUITests.swift in Sources */,
			);
			runOnlyForDeploymentPostprocessing = 0;
		};
/* End PBXSourcesBuildPhase section */

/* Begin PBXTargetDependency section */
		B2D41193269308B0000A4C8A /* PBXTargetDependency */ = {
			isa = PBXTargetDependency;
			target = B2D4117A269308AD000A4C8A /* FlickrImageSearchDemo */;
			targetProxy = B2D41192269308B0000A4C8A /* PBXContainerItemProxy */;
		};
		B2D4119E269308B0000A4C8A /* PBXTargetDependency */ = {
			isa = PBXTargetDependency;
			target = B2D4117A269308AD000A4C8A /* FlickrImageSearchDemo */;
			targetProxy = B2D4119D269308B0000A4C8A /* PBXContainerItemProxy */;
		};
/* End PBXTargetDependency section */

/* Begin PBXVariantGroup section */
		B2D41189269308AF000A4C8A /* LaunchScreen.storyboard */ = {
			isa = PBXVariantGroup;
			children = (
				B2D4118A269308AF000A4C8A /* Base */,
			);
			name = LaunchScreen.storyboard;
			sourceTree = "<group>";
		};
/* End PBXVariantGroup section */

/* Begin XCBuildConfiguration section */
		B2D411A3269308B0000A4C8A /* Debug */ = {
			isa = XCBuildConfiguration;
			buildSettings = {
				ALWAYS_SEARCH_USER_PATHS = NO;
				CLANG_ANALYZER_NONNULL = YES;
				CLANG_ANALYZER_NUMBER_OBJECT_CONVERSION = YES_AGGRESSIVE;
				CLANG_CXX_LANGUAGE_STANDARD = "gnu++14";
				CLANG_CXX_LIBRARY = "libc++";
				CLANG_ENABLE_MODULES = YES;
				CLANG_ENABLE_OBJC_ARC = YES;
				CLANG_ENABLE_OBJC_WEAK = YES;
				CLANG_WARN_BLOCK_CAPTURE_AUTORELEASING = YES;
				CLANG_WARN_BOOL_CONVERSION = YES;
				CLANG_WARN_COMMA = YES;
				CLANG_WARN_CONSTANT_CONVERSION = YES;
				CLANG_WARN_DEPRECATED_OBJC_IMPLEMENTATIONS = YES;
				CLANG_WARN_DIRECT_OBJC_ISA_USAGE = YES_ERROR;
				CLANG_WARN_DOCUMENTATION_COMMENTS = YES;
				CLANG_WARN_EMPTY_BODY = YES;
				CLANG_WARN_ENUM_CONVERSION = YES;
				CLANG_WARN_INFINITE_RECURSION = YES;
				CLANG_WARN_INT_CONVERSION = YES;
				CLANG_WARN_NON_LITERAL_NULL_CONVERSION = YES;
				CLANG_WARN_OBJC_IMPLICIT_RETAIN_SELF = YES;
				CLANG_WARN_OBJC_LITERAL_CONVERSION = YES;
				CLANG_WARN_OBJC_ROOT_CLASS = YES_ERROR;
				CLANG_WARN_QUOTED_INCLUDE_IN_FRAMEWORK_HEADER = YES;
				CLANG_WARN_RANGE_LOOP_ANALYSIS = YES;
				CLANG_WARN_STRICT_PROTOTYPES = YES;
				CLANG_WARN_SUSPICIOUS_MOVE = YES;
				CLANG_WARN_UNGUARDED_AVAILABILITY = YES_AGGRESSIVE;
				CLANG_WARN_UNREACHABLE_CODE = YES;
				CLANG_WARN__DUPLICATE_METHOD_MATCH = YES;
				COPY_PHASE_STRIP = NO;
				DEBUG_INFORMATION_FORMAT = dwarf;
				ENABLE_STRICT_OBJC_MSGSEND = YES;
				ENABLE_TESTABILITY = YES;
				GCC_C_LANGUAGE_STANDARD = gnu11;
				GCC_DYNAMIC_NO_PIC = NO;
				GCC_NO_COMMON_BLOCKS = YES;
				GCC_OPTIMIZATION_LEVEL = 0;
				GCC_PREPROCESSOR_DEFINITIONS = (
					"DEBUG=1",
					"$(inherited)",
				);
				GCC_WARN_64_TO_32_BIT_CONVERSION = YES;
				GCC_WARN_ABOUT_RETURN_TYPE = YES_ERROR;
				GCC_WARN_UNDECLARED_SELECTOR = YES;
				GCC_WARN_UNINITIALIZED_AUTOS = YES_AGGRESSIVE;
				GCC_WARN_UNUSED_FUNCTION = YES;
				GCC_WARN_UNUSED_VARIABLE = YES;
				IPHONEOS_DEPLOYMENT_TARGET = 14.5;
				MTL_ENABLE_DEBUG_INFO = INCLUDE_SOURCE;
				MTL_FAST_MATH = YES;
				ONLY_ACTIVE_ARCH = YES;
				SDKROOT = iphoneos;
				SWIFT_ACTIVE_COMPILATION_CONDITIONS = DEBUG;
				SWIFT_OPTIMIZATION_LEVEL = "-Onone";
			};
			name = Debug;
		};
		B2D411A4269308B0000A4C8A /* Release */ = {
			isa = XCBuildConfiguration;
			buildSettings = {
				ALWAYS_SEARCH_USER_PATHS = NO;
				CLANG_ANALYZER_NONNULL = YES;
				CLANG_ANALYZER_NUMBER_OBJECT_CONVERSION = YES_AGGRESSIVE;
				CLANG_CXX_LANGUAGE_STANDARD = "gnu++14";
				CLANG_CXX_LIBRARY = "libc++";
				CLANG_ENABLE_MODULES = YES;
				CLANG_ENABLE_OBJC_ARC = YES;
				CLANG_ENABLE_OBJC_WEAK = YES;
				CLANG_WARN_BLOCK_CAPTURE_AUTORELEASING = YES;
				CLANG_WARN_BOOL_CONVERSION = YES;
				CLANG_WARN_COMMA = YES;
				CLANG_WARN_CONSTANT_CONVERSION = YES;
				CLANG_WARN_DEPRECATED_OBJC_IMPLEMENTATIONS = YES;
				CLANG_WARN_DIRECT_OBJC_ISA_USAGE = YES_ERROR;
				CLANG_WARN_DOCUMENTATION_COMMENTS = YES;
				CLANG_WARN_EMPTY_BODY = YES;
				CLANG_WARN_ENUM_CONVERSION = YES;
				CLANG_WARN_INFINITE_RECURSION = YES;
				CLANG_WARN_INT_CONVERSION = YES;
				CLANG_WARN_NON_LITERAL_NULL_CONVERSION = YES;
				CLANG_WARN_OBJC_IMPLICIT_RETAIN_SELF = YES;
				CLANG_WARN_OBJC_LITERAL_CONVERSION = YES;
				CLANG_WARN_OBJC_ROOT_CLASS = YES_ERROR;
				CLANG_WARN_QUOTED_INCLUDE_IN_FRAMEWORK_HEADER = YES;
				CLANG_WARN_RANGE_LOOP_ANALYSIS = YES;
				CLANG_WARN_STRICT_PROTOTYPES = YES;
				CLANG_WARN_SUSPICIOUS_MOVE = YES;
				CLANG_WARN_UNGUARDED_AVAILABILITY = YES_AGGRESSIVE;
				CLANG_WARN_UNREACHABLE_CODE = YES;
				CLANG_WARN__DUPLICATE_METHOD_MATCH = YES;
				COPY_PHASE_STRIP = NO;
				DEBUG_INFORMATION_FORMAT = "dwarf-with-dsym";
				ENABLE_NS_ASSERTIONS = NO;
				ENABLE_STRICT_OBJC_MSGSEND = YES;
				GCC_C_LANGUAGE_STANDARD = gnu11;
				GCC_NO_COMMON_BLOCKS = YES;
				GCC_WARN_64_TO_32_BIT_CONVERSION = YES;
				GCC_WARN_ABOUT_RETURN_TYPE = YES_ERROR;
				GCC_WARN_UNDECLARED_SELECTOR = YES;
				GCC_WARN_UNINITIALIZED_AUTOS = YES_AGGRESSIVE;
				GCC_WARN_UNUSED_FUNCTION = YES;
				GCC_WARN_UNUSED_VARIABLE = YES;
				IPHONEOS_DEPLOYMENT_TARGET = 14.5;
				MTL_ENABLE_DEBUG_INFO = NO;
				MTL_FAST_MATH = YES;
				SDKROOT = iphoneos;
				SWIFT_COMPILATION_MODE = wholemodule;
				SWIFT_OPTIMIZATION_LEVEL = "-O";
				VALIDATE_PRODUCT = YES;
			};
			name = Release;
		};
		B2D411A6269308B0000A4C8A /* Debug */ = {
			isa = XCBuildConfiguration;
			buildSettings = {
				ASSETCATALOG_COMPILER_APPICON_NAME = AppIcon;
				ASSETCATALOG_COMPILER_GLOBAL_ACCENT_COLOR_NAME = AccentColor;
				CODE_SIGN_STYLE = Automatic;
				INFOPLIST_FILE = FlickrImageSearchDemo/Info.plist;
				LD_RUNPATH_SEARCH_PATHS = (
					"$(inherited)",
					"@executable_path/Frameworks",
				);
				PRODUCT_BUNDLE_IDENTIFIER = com.ParthContractor.FlickrImageSearchDemo;
				PRODUCT_NAME = "$(TARGET_NAME)";
				SWIFT_VERSION = 5.0;
				TARGETED_DEVICE_FAMILY = "1,2";
			};
			name = Debug;
		};
		B2D411A7269308B0000A4C8A /* Release */ = {
			isa = XCBuildConfiguration;
			buildSettings = {
				ASSETCATALOG_COMPILER_APPICON_NAME = AppIcon;
				ASSETCATALOG_COMPILER_GLOBAL_ACCENT_COLOR_NAME = AccentColor;
				CODE_SIGN_STYLE = Automatic;
				INFOPLIST_FILE = FlickrImageSearchDemo/Info.plist;
				LD_RUNPATH_SEARCH_PATHS = (
					"$(inherited)",
					"@executable_path/Frameworks",
				);
				PRODUCT_BUNDLE_IDENTIFIER = com.ParthContractor.FlickrImageSearchDemo;
				PRODUCT_NAME = "$(TARGET_NAME)";
				SWIFT_VERSION = 5.0;
				TARGETED_DEVICE_FAMILY = "1,2";
			};
			name = Release;
		};
		B2D411A9269308B0000A4C8A /* Debug */ = {
			isa = XCBuildConfiguration;
			buildSettings = {
				ALWAYS_EMBED_SWIFT_STANDARD_LIBRARIES = YES;
				BUNDLE_LOADER = "$(TEST_HOST)";
				CODE_SIGN_STYLE = Automatic;
				INFOPLIST_FILE = FlickrImageSearchDemoTests/Info.plist;
				IPHONEOS_DEPLOYMENT_TARGET = 14.5;
				LD_RUNPATH_SEARCH_PATHS = (
					"$(inherited)",
					"@executable_path/Frameworks",
					"@loader_path/Frameworks",
				);
				PRODUCT_BUNDLE_IDENTIFIER = com.ParthContractor.FlickrImageSearchDemoTests;
				PRODUCT_NAME = "$(TARGET_NAME)";
				SWIFT_VERSION = 5.0;
				TARGETED_DEVICE_FAMILY = "1,2";
				TEST_HOST = "$(BUILT_PRODUCTS_DIR)/FlickrImageSearchDemo.app/FlickrImageSearchDemo";
			};
			name = Debug;
		};
		B2D411AA269308B0000A4C8A /* Release */ = {
			isa = XCBuildConfiguration;
			buildSettings = {
				ALWAYS_EMBED_SWIFT_STANDARD_LIBRARIES = YES;
				BUNDLE_LOADER = "$(TEST_HOST)";
				CODE_SIGN_STYLE = Automatic;
				INFOPLIST_FILE = FlickrImageSearchDemoTests/Info.plist;
				IPHONEOS_DEPLOYMENT_TARGET = 14.5;
				LD_RUNPATH_SEARCH_PATHS = (
					"$(inherited)",
					"@executable_path/Frameworks",
					"@loader_path/Frameworks",
				);
				PRODUCT_BUNDLE_IDENTIFIER = com.ParthContractor.FlickrImageSearchDemoTests;
				PRODUCT_NAME = "$(TARGET_NAME)";
				SWIFT_VERSION = 5.0;
				TARGETED_DEVICE_FAMILY = "1,2";
				TEST_HOST = "$(BUILT_PRODUCTS_DIR)/FlickrImageSearchDemo.app/FlickrImageSearchDemo";
			};
			name = Release;
		};
		B2D411AC269308B0000A4C8A /* Debug */ = {
			isa = XCBuildConfiguration;
			buildSettings = {
				ALWAYS_EMBED_SWIFT_STANDARD_LIBRARIES = YES;
				CODE_SIGN_STYLE = Automatic;
				INFOPLIST_FILE = FlickrImageSearchDemoUITests/Info.plist;
				LD_RUNPATH_SEARCH_PATHS = (
					"$(inherited)",
					"@executable_path/Frameworks",
					"@loader_path/Frameworks",
				);
				PRODUCT_BUNDLE_IDENTIFIER = com.ParthContractor.FlickrImageSearchDemoUITests;
				PRODUCT_NAME = "$(TARGET_NAME)";
				SWIFT_VERSION = 5.0;
				TARGETED_DEVICE_FAMILY = "1,2";
				TEST_TARGET_NAME = FlickrImageSearchDemo;
			};
			name = Debug;
		};
		B2D411AD269308B0000A4C8A /* Release */ = {
			isa = XCBuildConfiguration;
			buildSettings = {
				ALWAYS_EMBED_SWIFT_STANDARD_LIBRARIES = YES;
				CODE_SIGN_STYLE = Automatic;
				INFOPLIST_FILE = FlickrImageSearchDemoUITests/Info.plist;
				LD_RUNPATH_SEARCH_PATHS = (
					"$(inherited)",
					"@executable_path/Frameworks",
					"@loader_path/Frameworks",
				);
				PRODUCT_BUNDLE_IDENTIFIER = com.ParthContractor.FlickrImageSearchDemoUITests;
				PRODUCT_NAME = "$(TARGET_NAME)";
				SWIFT_VERSION = 5.0;
				TARGETED_DEVICE_FAMILY = "1,2";
				TEST_TARGET_NAME = FlickrImageSearchDemo;
			};
			name = Release;
		};
/* End XCBuildConfiguration section */

/* Begin XCConfigurationList section */
		B2D41176269308AD000A4C8A /* Build configuration list for PBXProject "FlickrImageSearchDemo" */ = {
			isa = XCConfigurationList;
			buildConfigurations = (
				B2D411A3269308B0000A4C8A /* Debug */,
				B2D411A4269308B0000A4C8A /* Release */,
			);
			defaultConfigurationIsVisible = 0;
			defaultConfigurationName = Release;
		};
		B2D411A5269308B0000A4C8A /* Build configuration list for PBXNativeTarget "FlickrImageSearchDemo" */ = {
			isa = XCConfigurationList;
			buildConfigurations = (
				B2D411A6269308B0000A4C8A /* Debug */,
				B2D411A7269308B0000A4C8A /* Release */,
			);
			defaultConfigurationIsVisible = 0;
			defaultConfigurationName = Release;
		};
		B2D411A8269308B0000A4C8A /* Build configuration list for PBXNativeTarget "FlickrImageSearchDemoTests" */ = {
			isa = XCConfigurationList;
			buildConfigurations = (
				B2D411A9269308B0000A4C8A /* Debug */,
				B2D411AA269308B0000A4C8A /* Release */,
			);
			defaultConfigurationIsVisible = 0;
			defaultConfigurationName = Release;
		};
		B2D411AB269308B0000A4C8A /* Build configuration list for PBXNativeTarget "FlickrImageSearchDemoUITests" */ = {
			isa = XCConfigurationList;
			buildConfigurations = (
				B2D411AC269308B0000A4C8A /* Debug */,
				B2D411AD269308B0000A4C8A /* Release */,
			);
			defaultConfigurationIsVisible = 0;
			defaultConfigurationName = Release;
		};
/* End XCConfigurationList section */

/* Begin XCRemoteSwiftPackageReference section */
		B2D411AE26935CA2000A4C8A /* XCRemoteSwiftPackageReference "FlickrAPIClient" */ = {
			isa = XCRemoteSwiftPackageReference;
			repositoryURL = "https://github.com/ParthContractor/FlickrAPIClient.git";
			requirement = {
				branch = main;
				kind = branch;
			};
		};
/* End XCRemoteSwiftPackageReference section */

/* Begin XCSwiftPackageProductDependency section */
		B2D411AF26935CA2000A4C8A /* FlickrAPIClient */ = {
			isa = XCSwiftPackageProductDependency;
			package = B2D411AE26935CA2000A4C8A /* XCRemoteSwiftPackageReference "FlickrAPIClient" */;
			productName = FlickrAPIClient;
		};
/* End XCSwiftPackageProductDependency section */
	};
	rootObject = B2D41173269308AD000A4C8A /* Project object */;
}
